
Microsoft Visual Studio Solution File, Format Version 12.00
# Visual Studio 15
VisualStudioVersion = 15.0.28307.329
MinimumVisualStudioVersion = 10.0.40219.1
Project("{FAE04EC0-301F-11D3-BF4B-00C04F79EFBC}") = "WebAPIForEmployee", "WebAPIForEmployee\WebAPIForEmployee.csproj", "{41EAE9A5-9A9B-4645-8AB5-F43561C785EA}"
EndProject
Global
	GlobalSection(SolutionConfigurationPlatforms) = preSolution
		Debug|Any CPU = Debug|Any CPU
		Release|Any CPU = Release|Any CPU
	EndGlobalSection
	GlobalSection(ProjectConfigurationPlatforms) = postSolution
		{41EAE9A5-9A9B-4645-8AB5-F43561C785EA}.Debug|Any CPU.ActiveCfg = Debug|Any CPU
		{41EAE9A5-9A9B-4645-8AB5-F43561C785EA}.Debug|Any CPU.Build.0 = Debug|Any CPU
		{41EAE9A5-9A9B-4645-8AB5-F43561C785EA}.Release|Any CPU.ActiveCfg = Release|Any CPU
		{41EAE9A5-9A9B-4645-8AB5-F43561C785EA}.Release|Any CPU.Build.0 = Release|Any CPU
	EndGlobalSection
	GlobalSection(SolutionProperties) = preSolution
		HideSolutionNode = FALSE
	EndGlobalSection
	GlobalSection(ExtensibilityGlobals) = postSolution
		SolutionGuid = {906D0320-53A0-4F2C-B323-2190B940169A}
	EndGlobalSection
EndGlobal
